
Microsoft Visual Studio Solution File, Format Version 12.00
# Visual Studio 15
VisualStudioVersion = 15.0.27130.2027
MinimumVisualStudioVersion = 10.0.40219.1
Project("{FAE04EC0-301F-11D3-BF4B-00C04F79EFBC}") = "SistemaEscolar.Android", "SistemaEscolar\SistemaEscolar.Android\SistemaEscolar.Android.csproj", "{65788927-5A0B-4416-AC9C-479EA272289C}"
EndProject
Project("{FAE04EC0-301F-11D3-BF4B-00C04F79EFBC}") = "SistemaEscolar.iOS", "SistemaEscolar\SistemaEscolar.iOS\SistemaEscolar.iOS.csproj", "{371626FF-30F0-4C6C-A525-F64F7F5849BE}"
EndProject
Project("{FAE04EC0-301F-11D3-BF4B-00C04F79EFBC}") = "SistemaEscolar.UWP", "SistemaEscolar\SistemaEscolar.UWP\SistemaEscolar.UWP.csproj", "{B85D9526-CB41-446C-90CC-10AD49B30A2A}"
EndProject
Project("{FAE04EC0-301F-11D3-BF4B-00C04F79EFBC}") = "SistemaEscolar", "SistemaEscolar\SistemaEscolar\SistemaEscolar.csproj", "{C95C8ADC-E944-4496-B3B5-E8F8B20252B4}"
EndProject
Global
	GlobalSection(SolutionConfigurationPlatforms) = preSolution
		Ad-Hoc|Any CPU = Ad-Hoc|Any CPU
		Ad-Hoc|ARM = Ad-Hoc|ARM
		Ad-Hoc|iPhone = Ad-Hoc|iPhone
		Ad-Hoc|iPhoneSimulator = Ad-Hoc|iPhoneSimulator
		Ad-Hoc|x64 = Ad-Hoc|x64
		Ad-Hoc|x86 = Ad-Hoc|x86
		AppStore|Any CPU = AppStore|Any CPU
		AppStore|ARM = AppStore|ARM
		AppStore|iPhone = AppStore|iPhone
		AppStore|iPhoneSimulator = AppStore|iPhoneSimulator
		AppStore|x64 = AppStore|x64
		AppStore|x86 = AppStore|x86
		Debug|Any CPU = Debug|Any CPU
		Debug|ARM = Debug|ARM
		Debug|iPhone = Debug|iPhone
		Debug|iPhoneSimulator = Debug|iPhoneSimulator
		Debug|x64 = Debug|x64
		Debug|x86 = Debug|x86
		Release|Any CPU = Release|Any CPU
		Release|ARM = Release|ARM
		Release|iPhone = Release|iPhone
		Release|iPhoneSimulator = Release|iPhoneSimulator
		Release|x64 = Release|x64
		Release|x86 = Release|x86
	EndGlobalSection
	GlobalSection(ProjectConfigurationPlatforms) = postSolution
		{65788927-5A0B-4416-AC9C-479EA272289C}.Ad-Hoc|Any CPU.ActiveCfg = Release|Any CPU
		{65788927-5A0B-4416-AC9C-479EA272289C}.Ad-Hoc|Any CPU.Build.0 = Release|Any CPU
		{65788927-5A0B-4416-AC9C-479EA272289C}.Ad-Hoc|Any CPU.Deploy.0 = Release|Any CPU
		{65788927-5A0B-4416-AC9C-479EA272289C}.Ad-Hoc|ARM.ActiveCfg = Release|Any CPU
		{65788927-5A0B-4416-AC9C-479EA272289C}.Ad-Hoc|ARM.Build.0 = Release|Any CPU
		{65788927-5A0B-4416-AC9C-479EA272289C}.Ad-Hoc|ARM.Deploy.0 = Release|Any CPU
		{65788927-5A0B-4416-AC9C-479EA272289C}.Ad-Hoc|iPhone.ActiveCfg = Release|Any CPU
		{65788927-5A0B-4416-AC9C-479EA272289C}.Ad-Hoc|iPhone.Build.0 = Release|Any CPU
		{65788927-5A0B-4416-AC9C-479EA272289C}.Ad-Hoc|iPhone.Deploy.0 = Release|Any CPU
		{65788927-5A0B-4416-AC9C-479EA272289C}.Ad-Hoc|iPhoneSimulator.ActiveCfg = Release|Any CPU
		{65788927-5A0B-4416-AC9C-479EA272289C}.Ad-Hoc|iPhoneSimulator.Build.0 = Release|Any CPU
		{65788927-5A0B-4416-AC9C-479EA272289C}.Ad-Hoc|iPhoneSimulator.Deploy.0 = Release|Any CPU
		{65788927-5A0B-4416-AC9C-479EA272289C}.Ad-Hoc|x64.ActiveCfg = Release|Any CPU
		{65788927-5A0B-4416-AC9C-479EA272289C}.Ad-Hoc|x64.Build.0 = Release|Any CPU
		{65788927-5A0B-4416-AC9C-479EA272289C}.Ad-Hoc|x64.Deploy.0 = Release|Any CPU
		{65788927-5A0B-4416-AC9C-479EA272289C}.Ad-Hoc|x86.ActiveCfg = Release|Any CPU
		{65788927-5A0B-4416-AC9C-479EA272289C}.Ad-Hoc|x86.Build.0 = Release|Any CPU
		{65788927-5A0B-4416-AC9C-479EA272289C}.Ad-Hoc|x86.Deploy.0 = Release|Any CPU
		{65788927-5A0B-4416-AC9C-479EA272289C}.AppStore|Any CPU.ActiveCfg = Release|Any CPU
		{65788927-5A0B-4416-AC9C-479EA272289C}.AppStore|Any CPU.Build.0 = Release|Any CPU
		{65788927-5A0B-4416-AC9C-479EA272289C}.AppStore|Any CPU.Deploy.0 = Release|Any CPU
		{65788927-5A0B-4416-AC9C-479EA272289C}.AppStore|ARM.ActiveCfg = Release|Any CPU
		{65788927-5A0B-4416-AC9C-479EA272289C}.AppStore|ARM.Build.0 = Release|Any CPU
		{65788927-5A0B-4416-AC9C-479EA272289C}.AppStore|ARM.Deploy.0 = Release|Any CPU
		{65788927-5A0B-4416-AC9C-479EA272289C}.AppStore|iPhone.ActiveCfg = Release|Any CPU
		{65788927-5A0B-4416-AC9C-479EA272289C}.AppStore|iPhone.Build.0 = Release|Any CPU
		{65788927-5A0B-4416-AC9C-479EA272289C}.AppStore|iPhone.Deploy.0 = Release|Any CPU
		{65788927-5A0B-4416-AC9C-479EA272289C}.AppStore|iPhoneSimulator.ActiveCfg = Release|Any CPU
		{65788927-5A0B-4416-AC9C-479EA272289C}.AppStore|iPhoneSimulator.Build.0 = Release|Any CPU
		{65788927-5A0B-4416-AC9C-479EA272289C}.AppStore|iPhoneSimulator.Deploy.0 = Release|Any CPU
		{65788927-5A0B-4416-AC9C-479EA272289C}.AppStore|x64.ActiveCfg = Release|Any CPU
		{65788927-5A0B-4416-AC9C-479EA272289C}.AppStore|x64.Build.0 = Release|Any CPU
		{65788927-5A0B-4416-AC9C-479EA272289C}.AppStore|x64.Deploy.0 = Release|Any CPU
		{65788927-5A0B-4416-AC9C-479EA272289C}.AppStore|x86.ActiveCfg = Release|Any CPU
		{65788927-5A0B-4416-AC9C-479EA272289C}.AppStore|x86.Build.0 = Release|Any CPU
		{65788927-5A0B-4416-AC9C-479EA272289C}.AppStore|x86.Deploy.0 = Release|Any CPU
		{65788927-5A0B-4416-AC9C-479EA272289C}.Debug|Any CPU.ActiveCfg = Debug|Any CPU
		{65788927-5A0B-4416-AC9C-479EA272289C}.Debug|Any CPU.Build.0 = Debug|Any CPU
		{65788927-5A0B-4416-AC9C-479EA272289C}.Debug|Any CPU.Deploy.0 = Debug|Any CPU
		{65788927-5A0B-4416-AC9C-479EA272289C}.Debug|ARM.ActiveCfg = Debug|Any CPU
		{65788927-5A0B-4416-AC9C-479EA272289C}.Debug|ARM.Build.0 = Debug|Any CPU
		{65788927-5A0B-4416-AC9C-479EA272289C}.Debug|ARM.Deploy.0 = Debug|Any CPU
		{65788927-5A0B-4416-AC9C-479EA272289C}.Debug|iPhone.ActiveCfg = Debug|Any CPU
		{65788927-5A0B-4416-AC9C-479EA272289C}.Debug|iPhone.Build.0 = Debug|Any CPU
		{65788927-5A0B-4416-AC9C-479EA272289C}.Debug|iPhone.Deploy.0 = Debug|Any CPU
		{65788927-5A0B-4416-AC9C-479EA272289C}.Debug|iPhoneSimulator.ActiveCfg = Debug|Any CPU
		{65788927-5A0B-4416-AC9C-479EA272289C}.Debug|iPhoneSimulator.Build.0 = Debug|Any CPU
		{65788927-5A0B-4416-AC9C-479EA272289C}.Debug|iPhoneSimulator.Deploy.0 = Debug|Any CPU
		{65788927-5A0B-4416-AC9C-479EA272289C}.Debug|x64.ActiveCfg = Debug|Any CPU
		{65788927-5A0B-4416-AC9C-479EA272289C}.Debug|x64.Build.0 = Debug|Any CPU
		{65788927-5A0B-4416-AC9C-479EA272289C}.Debug|x64.Deploy.0 = Debug|Any CPU
		{65788927-5A0B-4416-AC9C-479EA272289C}.Debug|x86.ActiveCfg = Debug|Any CPU
		{65788927-5A0B-4416-AC9C-479EA272289C}.Debug|x86.Build.0 = Debug|Any CPU
		{65788927-5A0B-4416-AC9C-479EA272289C}.Debug|x86.Deploy.0 = Debug|Any CPU
		{65788927-5A0B-4416-AC9C-479EA272289C}.Release|Any CPU.ActiveCfg = Release|Any CPU
		{65788927-5A0B-4416-AC9C-479EA272289C}.Release|Any CPU.Build.0 = Release|Any CPU
		{65788927-5A0B-4416-AC9C-479EA272289C}.Release|Any CPU.Deploy.0 = Release|Any CPU
		{65788927-5A0B-4416-AC9C-479EA272289C}.Release|ARM.ActiveCfg = Release|Any CPU
		{65788927-5A0B-4416-AC9C-479EA272289C}.Release|ARM.Build.0 = Release|Any CPU
		{65788927-5A0B-4416-AC9C-479EA272289C}.Release|ARM.Deploy.0 = Release|Any CPU
		{65788927-5A0B-4416-AC9C-479EA272289C}.Release|iPhone.ActiveCfg = Release|Any CPU
		{65788927-5A0B-4416-AC9C-479EA272289C}.Release|iPhone.Build.0 = Release|Any CPU
		{65788927-5A0B-4416-AC9C-479EA272289C}.Release|iPhone.Deploy.0 = Release|Any CPU
		{65788927-5A0B-4416-AC9C-479EA272289C}.Release|iPhoneSimulator.ActiveCfg = Release|Any CPU
		{65788927-5A0B-4416-AC9C-479EA272289C}.Release|iPhoneSimulator.Build.0 = Release|Any CPU
		{65788927-5A0B-4416-AC9C-479EA272289C}.Release|iPhoneSimulator.Deploy.0 = Release|Any CPU
		{65788927-5A0B-4416-AC9C-479EA272289C}.Release|x64.ActiveCfg = Release|Any CPU
		{65788927-5A0B-4416-AC9C-479EA272289C}.Release|x64.Build.0 = Release|Any CPU
		{65788927-5A0B-4416-AC9C-479EA272289C}.Release|x64.Deploy.0 = Release|Any CPU
		{65788927-5A0B-4416-AC9C-479EA272289C}.Release|x86.ActiveCfg = Release|Any CPU
		{65788927-5A0B-4416-AC9C-479EA272289C}.Release|x86.Build.0 = Release|Any CPU
		{65788927-5A0B-4416-AC9C-479EA272289C}.Release|x86.Deploy.0 = Release|Any CPU
		{371626FF-30F0-4C6C-A525-F64F7F5849BE}.Ad-Hoc|Any CPU.ActiveCfg = Ad-Hoc|iPhone
		{371626FF-30F0-4C6C-A525-F64F7F5849BE}.Ad-Hoc|ARM.ActiveCfg = Ad-Hoc|iPhone
		{371626FF-30F0-4C6C-A525-F64F7F5849BE}.Ad-Hoc|iPhone.ActiveCfg = Ad-Hoc|iPhone
		{371626FF-30F0-4C6C-A525-F64F7F5849BE}.Ad-Hoc|iPhone.Build.0 = Ad-Hoc|iPhone
		{371626FF-30F0-4C6C-A525-F64F7F5849BE}.Ad-Hoc|iPhoneSimulator.ActiveCfg = Ad-Hoc|iPhoneSimulator
		{371626FF-30F0-4C6C-A525-F64F7F5849BE}.Ad-Hoc|iPhoneSimulator.Build.0 = Ad-Hoc|iPhoneSimulator
		{371626FF-30F0-4C6C-A525-F64F7F5849BE}.Ad-Hoc|x64.ActiveCfg = Ad-Hoc|iPhone
		{371626FF-30F0-4C6C-A525-F64F7F5849BE}.Ad-Hoc|x86.ActiveCfg = Ad-Hoc|iPhone
		{371626FF-30F0-4C6C-A525-F64F7F5849BE}.AppStore|Any CPU.ActiveCfg = AppStore|iPhone
		{371626FF-30F0-4C6C-A525-F64F7F5849BE}.AppStore|ARM.ActiveCfg = AppStore|iPhone
		{371626FF-30F0-4C6C-A525-F64F7F5849BE}.AppStore|iPhone.ActiveCfg = AppStore|iPhone
		{371626FF-30F0-4C6C-A525-F64F7F5849BE}.AppStore|iPhone.Build.0 = AppStore|iPhone
		{371626FF-30F0-4C6C-A525-F64F7F5849BE}.AppStore|iPhoneSimulator.ActiveCfg = AppStore|iPhoneSimulator
		{371626FF-30F0-4C6C-A525-F64F7F5849BE}.AppStore|iPhoneSimulator.Build.0 = AppStore|iPhoneSimulator
		{371626FF-30F0-4C6C-A525-F64F7F5849BE}.AppStore|x64.ActiveCfg = AppStore|iPhone
		{371626FF-30F0-4C6C-A525-F64F7F5849BE}.AppStore|x86.ActiveCfg = AppStore|iPhone
		{371626FF-30F0-4C6C-A525-F64F7F5849BE}.Debug|Any CPU.ActiveCfg = Debug|iPhone
		{371626FF-30F0-4C6C-A525-F64F7F5849BE}.Debug|ARM.ActiveCfg = Debug|iPhone
		{371626FF-30F0-4C6C-A525-F64F7F5849BE}.Debug|iPhone.ActiveCfg = Debug|iPhone
		{371626FF-30F0-4C6C-A525-F64F7F5849BE}.Debug|iPhone.Build.0 = Debug|iPhone
		{371626FF-30F0-4C6C-A525-F64F7F5849BE}.Debug|iPhoneSimulator.ActiveCfg = Debug|iPhoneSimulator
		{371626FF-30F0-4C6C-A525-F64F7F5849BE}.Debug|iPhoneSimulator.Build.0 = Debug|iPhoneSimulator
		{371626FF-30F0-4C6C-A525-F64F7F5849BE}.Debug|x64.ActiveCfg = Debug|iPhone
		{371626FF-30F0-4C6C-A525-F64F7F5849BE}.Debug|x86.ActiveCfg = Debug|iPhone
		{371626FF-30F0-4C6C-A525-F64F7F5849BE}.Release|Any CPU.ActiveCfg = Release|iPhone
		{371626FF-30F0-4C6C-A525-F64F7F5849BE}.Release|ARM.ActiveCfg = Release|iPhone
		{371626FF-30F0-4C6C-A525-F64F7F5849BE}.Release|iPhone.ActiveCfg = Release|iPhone
		{371626FF-30F0-4C6C-A525-F64F7F5849BE}.Release|iPhone.Build.0 = Release|iPhone
		{371626FF-30F0-4C6C-A525-F64F7F5849BE}.Release|iPhoneSimulator.ActiveCfg = Release|iPhoneSimulator
		{371626FF-30F0-4C6C-A525-F64F7F5849BE}.Release|iPhoneSimulator.Build.0 = Release|iPhoneSimulator
		{371626FF-30F0-4C6C-A525-F64F7F5849BE}.Release|x64.ActiveCfg = Release|iPhone
		{371626FF-30F0-4C6C-A525-F64F7F5849BE}.Release|x86.ActiveCfg = Release|iPhone
		{B85D9526-CB41-446C-90CC-10AD49B30A2A}.Ad-Hoc|Any CPU.ActiveCfg = Release|x86
		{B85D9526-CB41-446C-90CC-10AD49B30A2A}.Ad-Hoc|Any CPU.Build.0 = Release|x86
		{B85D9526-CB41-446C-90CC-10AD49B30A2A}.Ad-Hoc|Any CPU.Deploy.0 = Release|x86
		{B85D9526-CB41-446C-90CC-10AD49B30A2A}.Ad-Hoc|ARM.ActiveCfg = Release|ARM
		{B85D9526-CB41-446C-90CC-10AD49B30A2A}.Ad-Hoc|ARM.Build.0 = Release|ARM
		{B85D9526-CB41-446C-90CC-10AD49B30A2A}.Ad-Hoc|ARM.Deploy.0 = Release|ARM
		{B85D9526-CB41-446C-90CC-10AD49B30A2A}.Ad-Hoc|iPhone.ActiveCfg = Release|x86
		{B85D9526-CB41-446C-90CC-10AD49B30A2A}.Ad-Hoc|iPhone.Build.0 = Release|x86
		{B85D9526-CB41-446C-90CC-10AD49B30A2A}.Ad-Hoc|iPhone.Deploy.0 = Release|x86
		{B85D9526-CB41-446C-90CC-10AD49B30A2A}.Ad-Hoc|iPhoneSimulator.ActiveCfg = Release|x86
		{B85D9526-CB41-446C-90CC-10AD49B30A2A}.Ad-Hoc|iPhoneSimulator.Build.0 = Release|x86
		{B85D9526-CB41-446C-90CC-10AD49B30A2A}.Ad-Hoc|iPhoneSimulator.Deploy.0 = Release|x86
		{B85D9526-CB41-446C-90CC-10AD49B30A2A}.Ad-Hoc|x64.ActiveCfg = Release|x64
		{B85D9526-CB41-446C-90CC-10AD49B30A2A}.Ad-Hoc|x64.Build.0 = Release|x64
		{B85D9526-CB41-446C-90CC-10AD49B30A2A}.Ad-Hoc|x64.Deploy.0 = Release|x64
		{B85D9526-CB41-446C-90CC-10AD49B30A2A}.Ad-Hoc|x86.ActiveCfg = Release|x86
		{B85D9526-CB41-446C-90CC-10AD49B30A2A}.Ad-Hoc|x86.Build.0 = Release|x86
		{B85D9526-CB41-446C-90CC-10AD49B30A2A}.Ad-Hoc|x86.Deploy.0 = Release|x86
		{B85D9526-CB41-446C-90CC-10AD49B30A2A}.AppStore|Any CPU.ActiveCfg = Release|x86
		{B85D9526-CB41-446C-90CC-10AD49B30A2A}.AppStore|Any CPU.Build.0 = Release|x86
		{B85D9526-CB41-446C-90CC-10AD49B30A2A}.AppStore|Any CPU.Deploy.0 = Release|x86
		{B85D9526-CB41-446C-90CC-10AD49B30A2A}.AppStore|ARM.ActiveCfg = Release|ARM
		{B85D9526-CB41-446C-90CC-10AD49B30A2A}.AppStore|ARM.Build.0 = Release|ARM
		{B85D9526-CB41-446C-90CC-10AD49B30A2A}.AppStore|ARM.Deploy.0 = Release|ARM
		{B85D9526-CB41-446C-90CC-10AD49B30A2A}.AppStore|iPhone.ActiveCfg = Release|x86
		{B85D9526-CB41-446C-90CC-10AD49B30A2A}.AppStore|iPhone.Build.0 = Release|x86
		{B85D9526-CB41-446C-90CC-10AD49B30A2A}.AppStore|iPhone.Deploy.0 = Release|x86
		{B85D9526-CB41-446C-90CC-10AD49B30A2A}.AppStore|iPhoneSimulator.ActiveCfg = Release|x86
		{B85D9526-CB41-446C-90CC-10AD49B30A2A}.AppStore|iPhoneSimulator.Build.0 = Release|x86
		{B85D9526-CB41-446C-90CC-10AD49B30A2A}.AppStore|iPhoneSimulator.Deploy.0 = Release|x86
		{B85D9526-CB41-446C-90CC-10AD49B30A2A}.AppStore|x64.ActiveCfg = Release|x64
		{B85D9526-CB41-446C-90CC-10AD49B30A2A}.AppStore|x64.Build.0 = Release|x64
		{B85D9526-CB41-446C-90CC-10AD49B30A2A}.AppStore|x64.Deploy.0 = Release|x64
		{B85D9526-CB41-446C-90CC-10AD49B30A2A}.AppStore|x86.ActiveCfg = Release|x86
		{B85D9526-CB41-446C-90CC-10AD49B30A2A}.AppStore|x86.Build.0 = Release|x86
		{B85D9526-CB41-446C-90CC-10AD49B30A2A}.AppStore|x86.Deploy.0 = Release|x86
		{B85D9526-CB41-446C-90CC-10AD49B30A2A}.Debug|Any CPU.ActiveCfg = Debug|x86
		{B85D9526-CB41-446C-90CC-10AD49B30A2A}.Debug|ARM.ActiveCfg = Debug|ARM
		{B85D9526-CB41-446C-90CC-10AD49B30A2A}.Debug|ARM.Build.0 = Debug|ARM
		{B85D9526-CB41-446C-90CC-10AD49B30A2A}.Debug|ARM.Deploy.0 = Debug|ARM
		{B85D9526-CB41-446C-90CC-10AD49B30A2A}.Debug|iPhone.ActiveCfg = Debug|x86
		{B85D9526-CB41-446C-90CC-10AD49B30A2A}.Debug|iPhoneSimulator.ActiveCfg = Debug|x86
		{B85D9526-CB41-446C-90CC-10AD49B30A2A}.Debug|x64.ActiveCfg = Debug|x64
		{B85D9526-CB41-446C-90CC-10AD49B30A2A}.Debug|x64.Build.0 = Debug|x64
		{B85D9526-CB41-446C-90CC-10AD49B30A2A}.Debug|x64.Deploy.0 = Debug|x64
		{B85D9526-CB41-446C-90CC-10AD49B30A2A}.Debug|x86.ActiveCfg = Debug|x86
		{B85D9526-CB41-446C-90CC-10AD49B30A2A}.Debug|x86.Build.0 = Debug|x86
		{B85D9526-CB41-446C-90CC-10AD49B30A2A}.Debug|x86.Deploy.0 = Debug|x86
		{B85D9526-CB41-446C-90CC-10AD49B30A2A}.Release|Any CPU.ActiveCfg = Release|x86
		{B85D9526-CB41-446C-90CC-10AD49B30A2A}.Release|ARM.ActiveCfg = Release|ARM
		{B85D9526-CB41-446C-90CC-10AD49B30A2A}.Release|ARM.Build.0 = Release|ARM
		{B85D9526-CB41-446C-90CC-10AD49B30A2A}.Release|ARM.Deploy.0 = Release|ARM
		{B85D9526-CB41-446C-90CC-10AD49B30A2A}.Release|iPhone.ActiveCfg = Release|x86
		{B85D9526-CB41-446C-90CC-10AD49B30A2A}.Release|iPhoneSimulator.ActiveCfg = Release|x86
		{B85D9526-CB41-446C-90CC-10AD49B30A2A}.Release|x64.ActiveCfg = Release|x64
		{B85D9526-CB41-446C-90CC-10AD49B30A2A}.Release|x64.Build.0 = Release|x64
		{B85D9526-CB41-446C-90CC-10AD49B30A2A}.Release|x64.Deploy.0 = Release|x64
		{B85D9526-CB41-446C-90CC-10AD49B30A2A}.Release|x86.ActiveCfg = Release|x86
		{B85D9526-CB41-446C-90CC-10AD49B30A2A}.Release|x86.Build.0 = Release|x86
		{B85D9526-CB41-446C-90CC-10AD49B30A2A}.Release|x86.Deploy.0 = Release|x86
		{C95C8ADC-E944-4496-B3B5-E8F8B20252B4}.Ad-Hoc|Any CPU.ActiveCfg = Debug|Any CPU
		{C95C8ADC-E944-4496-B3B5-E8F8B20252B4}.Ad-Hoc|Any CPU.Build.0 = Debug|Any CPU
		{C95C8ADC-E944-4496-B3B5-E8F8B20252B4}.Ad-Hoc|ARM.ActiveCfg = Debug|Any CPU
		{C95C8ADC-E944-4496-B3B5-E8F8B20252B4}.Ad-Hoc|ARM.Build.0 = Debug|Any CPU
		{C95C8ADC-E944-4496-B3B5-E8F8B20252B4}.Ad-Hoc|iPhone.ActiveCfg = Debug|Any CPU
		{C95C8ADC-E944-4496-B3B5-E8F8B20252B4}.Ad-Hoc|iPhone.Build.0 = Debug|Any CPU
		{C95C8ADC-E944-4496-B3B5-E8F8B20252B4}.Ad-Hoc|iPhoneSimulator.ActiveCfg = Debug|Any CPU
		{C95C8ADC-E944-4496-B3B5-E8F8B20252B4}.Ad-Hoc|iPhoneSimulator.Build.0 = Debug|Any CPU
		{C95C8ADC-E944-4496-B3B5-E8F8B20252B4}.Ad-Hoc|x64.ActiveCfg = Debug|Any CPU
		{C95C8ADC-E944-4496-B3B5-E8F8B20252B4}.Ad-Hoc|x64.Build.0 = Debug|Any CPU
		{C95C8ADC-E944-4496-B3B5-E8F8B20252B4}.Ad-Hoc|x86.ActiveCfg = Debug|Any CPU
		{C95C8ADC-E944-4496-B3B5-E8F8B20252B4}.Ad-Hoc|x86.Build.0 = Debug|Any CPU
		{C95C8ADC-E944-4496-B3B5-E8F8B20252B4}.AppStore|Any CPU.ActiveCfg = Debug|Any CPU
		{C95C8ADC-E944-4496-B3B5-E8F8B20252B4}.AppStore|Any CPU.Build.0 = Debug|Any CPU
		{C95C8ADC-E944-4496-B3B5-E8F8B20252B4}.AppStore|ARM.ActiveCfg = Debug|Any CPU
		{C95C8ADC-E944-4496-B3B5-E8F8B20252B4}.AppStore|ARM.Build.0 = Debug|Any CPU
		{C95C8ADC-E944-4496-B3B5-E8F8B20252B4}.AppStore|iPhone.ActiveCfg = Debug|Any CPU
		{C95C8ADC-E944-4496-B3B5-E8F8B20252B4}.AppStore|iPhone.Build.0 = Debug|Any CPU
		{C95C8ADC-E944-4496-B3B5-E8F8B20252B4}.AppStore|iPhoneSimulator.ActiveCfg = Debug|Any CPU
		{C95C8ADC-E944-4496-B3B5-E8F8B20252B4}.AppStore|iPhoneSimulator.Build.0 = Debug|Any CPU
		{C95C8ADC-E944-4496-B3B5-E8F8B20252B4}.AppStore|x64.ActiveCfg = Debug|Any CPU
		{C95C8ADC-E944-4496-B3B5-E8F8B20252B4}.AppStore|x64.Build.0 = Debug|Any CPU
		{C95C8ADC-E944-4496-B3B5-E8F8B20252B4}.AppStore|x86.ActiveCfg = Debug|Any CPU
		{C95C8ADC-E944-4496-B3B5-E8F8B20252B4}.AppStore|x86.Build.0 = Debug|Any CPU
		{C95C8ADC-E944-4496-B3B5-E8F8B20252B4}.Debug|Any CPU.ActiveCfg = Debug|Any CPU
		{C95C8ADC-E944-4496-B3B5-E8F8B20252B4}.Debug|Any CPU.Build.0 = Debug|Any CPU
		{C95C8ADC-E944-4496-B3B5-E8F8B20252B4}.Debug|ARM.ActiveCfg = Debug|Any CPU
		{C95C8ADC-E944-4496-B3B5-E8F8B20252B4}.Debug|ARM.Build.0 = Debug|Any CPU
		{C95C8ADC-E944-4496-B3B5-E8F8B20252B4}.Debug|iPhone.ActiveCfg = Debug|Any CPU
		{C95C8ADC-E944-4496-B3B5-E8F8B20252B4}.Debug|iPhone.Build.0 = Debug|Any CPU
		{C95C8ADC-E944-4496-B3B5-E8F8B20252B4}.Debug|iPhoneSimulator.ActiveCfg = Debug|Any CPU
		{C95C8ADC-E944-4496-B3B5-E8F8B20252B4}.Debug|iPhoneSimulator.Build.0 = Debug|Any CPU
		{C95C8ADC-E944-4496-B3B5-E8F8B20252B4}.Debug|x64.ActiveCfg = Debug|Any CPU
		{C95C8ADC-E944-4496-B3B5-E8F8B20252B4}.Debug|x64.Build.0 = Debug|Any CPU
		{C95C8ADC-E944-4496-B3B5-E8F8B20252B4}.Debug|x86.ActiveCfg = Debug|Any CPU
		{C95C8ADC-E944-4496-B3B5-E8F8B20252B4}.Debug|x86.Build.0 = Debug|Any CPU
		{C95C8ADC-E944-4496-B3B5-E8F8B20252B4}.Release|Any CPU.ActiveCfg = Release|Any CPU
		{C95C8ADC-E944-4496-B3B5-E8F8B20252B4}.Release|Any CPU.Build.0 = Release|Any CPU
		{C95C8ADC-E944-4496-B3B5-E8F8B20252B4}.Release|ARM.ActiveCfg = Release|Any CPU
		{C95C8ADC-E944-4496-B3B5-E8F8B20252B4}.Release|ARM.Build.0 = Release|Any CPU
		{C95C8ADC-E944-4496-B3B5-E8F8B20252B4}.Release|iPhone.ActiveCfg = Release|Any CPU
		{C95C8ADC-E944-4496-B3B5-E8F8B20252B4}.Release|iPhone.Build.0 = Release|Any CPU
		{C95C8ADC-E944-4496-B3B5-E8F8B20252B4}.Release|iPhoneSimulator.ActiveCfg = Release|Any CPU
		{C95C8ADC-E944-4496-B3B5-E8F8B20252B4}.Release|iPhoneSimulator.Build.0 = Release|Any CPU
		{C95C8ADC-E944-4496-B3B5-E8F8B20252B4}.Release|x64.ActiveCfg = Release|Any CPU
		{C95C8ADC-E944-4496-B3B5-E8F8B20252B4}.Release|x64.Build.0 = Release|Any CPU
		{C95C8ADC-E944-4496-B3B5-E8F8B20252B4}.Release|x86.ActiveCfg = Release|Any CPU
		{C95C8ADC-E944-4496-B3B5-E8F8B20252B4}.Release|x86.Build.0 = Release|Any CPU
	EndGlobalSection
	GlobalSection(SolutionProperties) = preSolution
		HideSolutionNode = FALSE
	EndGlobalSection
	GlobalSection(ExtensibilityGlobals) = postSolution
		SolutionGuid = {05161D0D-FAA9-4EA1-82A9-0EB1A9FA3E3E}
	EndGlobalSection
EndGlobal
